
Microsoft Visual Studio Solution File, Format Version 12.00
# Visual Studio Version 17
VisualStudioVersion = 17.1.32210.238
MinimumVisualStudioVersion = 10.0.40219.1
Project("{FAE04EC0-301F-11D3-BF4B-00C04F79EFBC}") = "Intra", "Intra\Intra.csproj", "{2EE59CC1-1761-4C2A-A470-E5415D647442}"
EndProject
Global
	GlobalSection(SolutionConfigurationPlatforms) = preSolution
		Debug|Any CPU = Debug|Any CPU
		Release|Any CPU = Release|Any CPU
	EndGlobalSection
	GlobalSection(ProjectConfigurationPlatforms) = postSolution
		{2EE59CC1-1761-4C2A-A470-E5415D647442}.Debug|Any CPU.ActiveCfg = Debug|Any CPU
		{2EE59CC1-1761-4C2A-A470-E5415D647442}.Debug|Any CPU.Build.0 = Debug|Any CPU
		{2EE59CC1-1761-4C2A-A470-E5415D647442}.Release|Any CPU.ActiveCfg = Release|Any CPU
		{2EE59CC1-1761-4C2A-A470-E5415D647442}.Release|Any CPU.Build.0 = Release|Any CPU
	EndGlobalSection
	GlobalSection(SolutionProperties) = preSolution
		HideSolutionNode = FALSE
	EndGlobalSection
	GlobalSection(ExtensibilityGlobals) = postSolution
		SolutionGuid = {119CABE7-10A7-4934-AF88-36C87E9A5664}
	EndGlobalSection
EndGlobal
